// !$*UTF8*$!
{
	archiveVersion = 1;
	classes = {
	};
	objectVersion = 55;
	objects = {

/* Begin PBXFileReference section */
		B4B2DC5D271EEF0200CA48F6 /* BodyType.playground */ = {isa = PBXFileReference; lastKnownFileType = file.playground; path = BodyType.playground; sourceTree = "<group>"; xcLanguageSpecificationIdentifier = xcode.lang.swift; };
		B4BA2F09272D577400C55E58 /* Note.playground */ = {isa = PBXFileReference; lastKnownFileType = file.playground; path = Note.playground; sourceTree = "<group>"; xcLanguageSpecificationIdentifier = xcode.lang.swift; };
		B4BEAB1B27214A0600E4592C /* RotationSystem.playground */ = {isa = PBXFileReference; lastKnownFileType = file.playground; path = RotationSystem.playground; sourceTree = "<group>"; xcLanguageSpecificationIdentifier = xcode.lang.swift; };
		B4C6746E2720207E00422E46 /* Bowl.playground */ = {isa = PBXFileReference; lastKnownFileType = file.playground; path = Bowl.playground; sourceTree = "<group>"; xcLanguageSpecificationIdentifier = xcode.lang.swift; };
/* End PBXFileReference section */

/* Begin PBXGroup section */
		B45BF471271EF19C00656414 /* BodyType_2021.10.20 */ = {
			isa = PBXGroup;
			children = (
				B4B2DC5D271EEF0200CA48F6 /* BodyType.playground */,
			);
			path = BodyType_2021.10.20;
			sourceTree = "<group>";
		};
		B4B2DC56271EEEE000CA48F6 = {
			isa = PBXGroup;
			children = (
				B4BA2F08272D56D100C55E58 /* Note_2021.10.30 */,
				B4BEAB1A272149D200E4592C /* RotationSystem_2021.10.24 */,
				B4C6746D2720201400422E46 /* Bowl_2021.10.21 */,
				B45BF471271EF19C00656414 /* BodyType_2021.10.20 */,
			);
			sourceTree = "<group>";
		};
		B4BA2F08272D56D100C55E58 /* Note_2021.10.30 */ = {
			isa = PBXGroup;
			children = (
				B4BA2F09272D577400C55E58 /* Note.playground */,
			);
			path = Note_2021.10.30;
			sourceTree = "<group>";
		};
		B4BEAB1A272149D200E4592C /* RotationSystem_2021.10.24 */ = {
			isa = PBXGroup;
			children = (
				B4BEAB1B27214A0600E4592C /* RotationSystem.playground */,
			);
			path = RotationSystem_2021.10.24;
			sourceTree = "<group>";
		};
		B4C6746D2720201400422E46 /* Bowl_2021.10.21 */ = {
			isa = PBXGroup;
			children = (
				B4C6746E2720207E00422E46 /* Bowl.playground */,
			);
			path = Bowl_2021.10.21;
			sourceTree = "<group>";
		};
/* End PBXGroup section */

/* Begin PBXProject section */
		B4B2DC57271EEEE000CA48F6 /* Project object */ = {
			isa = PBXProject;
			attributes = {
				BuildIndependentTargetsInParallel = 1;
				LastUpgradeCheck = 1300;
			};
			buildConfigurationList = B4B2DC5A271EEEE000CA48F6 /* Build configuration list for PBXProject "SwiftAlgorithm" */;
			compatibilityVersion = "Xcode 13.0";
			developmentRegion = en;
			hasScannedForEncodings = 0;
			knownRegions = (
				en,
				Base,
			);
			mainGroup = B4B2DC56271EEEE000CA48F6;
			projectDirPath = "";
			projectRoot = "";
			targets = (
			);
		};
/* End PBXProject section */

/* Begin XCBuildConfiguration section */
		B4B2DC5B271EEEE000CA48F6 /* Debug */ = {
			isa = XCBuildConfiguration;
			buildSettings = {
			};
			name = Debug;
		};
		B4B2DC5C271EEEE000CA48F6 /* Release */ = {
			isa = XCBuildConfiguration;
			buildSettings = {
			};
			name = Release;
		};
/* End XCBuildConfiguration section */

/* Begin XCConfigurationList section */
		B4B2DC5A271EEEE000CA48F6 /* Build configuration list for PBXProject "SwiftAlgorithm" */ = {
			isa = XCConfigurationList;
			buildConfigurations = (
				B4B2DC5B271EEEE000CA48F6 /* Debug */,
				B4B2DC5C271EEEE000CA48F6 /* Release */,
			);
			defaultConfigurationIsVisible = 0;
			defaultConfigurationName = Release;
		};
/* End XCConfigurationList section */
	};
	rootObject = B4B2DC57271EEEE000CA48F6 /* Project object */;
}
